// !$*UTF8*$!
{
	archiveVersion = 1;
	classes = {
	};
	objectVersion = 56;
	objects = {

/* Begin PBXBuildFile section */
		512F3B442C3EBFE4005C33F7 /* AnonKit.framework in Frameworks */ = {isa = PBXBuildFile; fileRef = 51EC0A8B2C3947F200A7E1B5 /* AnonKit.framework */; platformFilter = ios; };
		512F3B452C3EBFE4005C33F7 /* AnonKit.framework in Embed Frameworks */ = {isa = PBXBuildFile; fileRef = 51EC0A8B2C3947F200A7E1B5 /* AnonKit.framework */; platformFilter = ios; settings = {ATTRIBUTES = (CodeSignOnCopy, RemoveHeadersOnCopy, ); }; };
		D25FA36C2C2621D100ED0F2F /* connect_ios_swiftuiApp.swift in Sources */ = {isa = PBXBuildFile; fileRef = D25FA36B2C2621D100ED0F2F /* connect_ios_swiftuiApp.swift */; };
		D25FA36E2C2621D100ED0F2F /* ContentView.swift in Sources */ = {isa = PBXBuildFile; fileRef = D25FA36D2C2621D100ED0F2F /* ContentView.swift */; };
		D25FA3702C2621D200ED0F2F /* Assets.xcassets in Resources */ = {isa = PBXBuildFile; fileRef = D25FA36F2C2621D200ED0F2F /* Assets.xcassets */; };
		D25FA3742C2621D200ED0F2F /* Preview Assets.xcassets in Resources */ = {isa = PBXBuildFile; fileRef = D25FA3732C2621D200ED0F2F /* Preview Assets.xcassets */; };
/* End PBXBuildFile section */

/* Begin PBXContainerItemProxy section */
		51EC0A8A2C3947F200A7E1B5 /* PBXContainerItemProxy */ = {
			isa = PBXContainerItemProxy;
			containerPortal = 51EC0A852C3947F200A7E1B5 /* AnonKit.xcodeproj */;
			proxyType = 2;
			remoteGlobalIDString = AAC976862B23C36F00C991B2;
			remoteInfo = AnonKit;
		};
		51EC0A8C2C3947F200A7E1B5 /* PBXContainerItemProxy */ = {
			isa = PBXContainerItemProxy;
			containerPortal = 51EC0A852C3947F200A7E1B5 /* AnonKit.xcodeproj */;
			proxyType = 2;
			remoteGlobalIDString = AAC976902B23C36F00C991B2;
			remoteInfo = AnonKitTests;
		};
		51EC0A902C39480300A7E1B5 /* PBXContainerItemProxy */ = {
			isa = PBXContainerItemProxy;
			containerPortal = 51EC0A852C3947F200A7E1B5 /* AnonKit.xcodeproj */;
			proxyType = 1;
			remoteGlobalIDString = AAC976852B23C36F00C991B2;
			remoteInfo = AnonKit;
		};
/* End PBXContainerItemProxy section */

/* Begin PBXCopyFilesBuildPhase section */
		512F3B462C3EBFE4005C33F7 /* Embed Frameworks */ = {
			isa = PBXCopyFilesBuildPhase;
			buildActionMask = 2147483647;
			dstPath = "";
			dstSubfolderSpec = 10;
			files = (
				512F3B452C3EBFE4005C33F7 /* AnonKit.framework in Embed Frameworks */,
			);
			name = "Embed Frameworks";
			runOnlyForDeploymentPostprocessing = 0;
		};
/* End PBXCopyFilesBuildPhase section */

/* Begin PBXFileReference section */
		51EC0A852C3947F200A7E1B5 /* AnonKit.xcodeproj */ = {isa = PBXFileReference; lastKnownFileType = "wrapper.pb-project"; name = AnonKit.xcodeproj; path = "../../das/lib/sdk-ios/AnonKit/AnonKit.xcodeproj"; sourceTree = "<group>"; };
		D25FA3682C2621D100ED0F2F /* connect-ios-swiftui.app */ = {isa = PBXFileReference; explicitFileType = wrapper.application; includeInIndex = 0; path = "connect-ios-swiftui.app"; sourceTree = BUILT_PRODUCTS_DIR; };
		D25FA36B2C2621D100ED0F2F /* connect_ios_swiftuiApp.swift */ = {isa = PBXFileReference; lastKnownFileType = sourcecode.swift; path = connect_ios_swiftuiApp.swift; sourceTree = "<group>"; };
		D25FA36D2C2621D100ED0F2F /* ContentView.swift */ = {isa = PBXFileReference; lastKnownFileType = sourcecode.swift; path = ContentView.swift; sourceTree = "<group>"; };
		D25FA36F2C2621D200ED0F2F /* Assets.xcassets */ = {isa = PBXFileReference; lastKnownFileType = folder.assetcatalog; path = Assets.xcassets; sourceTree = "<group>"; };
		D25FA3712C2621D200ED0F2F /* connect_ios_swiftui.entitlements */ = {isa = PBXFileReference; lastKnownFileType = text.plist.entitlements; path = connect_ios_swiftui.entitlements; sourceTree = "<group>"; };
		D25FA3732C2621D200ED0F2F /* Preview Assets.xcassets */ = {isa = PBXFileReference; lastKnownFileType = folder.assetcatalog; path = "Preview Assets.xcassets"; sourceTree = "<group>"; };
/* End PBXFileReference section */

/* Begin PBXFrameworksBuildPhase section */
		D25FA3652C2621D100ED0F2F /* Frameworks */ = {
			isa = PBXFrameworksBuildPhase;
			buildActionMask = 2147483647;
			files = (
				512F3B442C3EBFE4005C33F7 /* AnonKit.framework in Frameworks */,
			);
			runOnlyForDeploymentPostprocessing = 0;
		};
/* End PBXFrameworksBuildPhase section */

/* Begin PBXGroup section */
		51EC0A862C3947F200A7E1B5 /* Products */ = {
			isa = PBXGroup;
			children = (
				51EC0A8B2C3947F200A7E1B5 /* AnonKit.framework */,
				51EC0A8D2C3947F200A7E1B5 /* AnonKitTests.xctest */,
			);
			name = Products;
			sourceTree = "<group>";
		};
		51EC0A8E2C3947FE00A7E1B5 /* Frameworks */ = {
			isa = PBXGroup;
			children = (
			);
			name = Frameworks;
			sourceTree = "<group>";
		};
		D25FA35F2C2621D100ED0F2F = {
			isa = PBXGroup;
			children = (
				51EC0A852C3947F200A7E1B5 /* AnonKit.xcodeproj */,
				D25FA36A2C2621D100ED0F2F /* connect-ios-swiftui */,
				D25FA3692C2621D100ED0F2F /* Products */,
				51EC0A8E2C3947FE00A7E1B5 /* Frameworks */,
			);
			sourceTree = "<group>";
		};
		D25FA3692C2621D100ED0F2F /* Products */ = {
			isa = PBXGroup;
			children = (
				D25FA3682C2621D100ED0F2F /* connect-ios-swiftui.app */,
			);
			name = Products;
			sourceTree = "<group>";
		};
		D25FA36A2C2621D100ED0F2F /* connect-ios-swiftui */ = {
			isa = PBXGroup;
			children = (
				D25FA36B2C2621D100ED0F2F /* connect_ios_swiftuiApp.swift */,
				D25FA36D2C2621D100ED0F2F /* ContentView.swift */,
				D25FA36F2C2621D200ED0F2F /* Assets.xcassets */,
				D25FA3712C2621D200ED0F2F /* connect_ios_swiftui.entitlements */,
				D25FA3722C2621D200ED0F2F /* Preview Content */,
			);
			path = "connect-ios-swiftui";
			sourceTree = "<group>";
		};
		D25FA3722C2621D200ED0F2F /* Preview Content */ = {
			isa = PBXGroup;
			children = (
				D25FA3732C2621D200ED0F2F /* Preview Assets.xcassets */,
			);
			path = "Preview Content";
			sourceTree = "<group>";
		};
/* End PBXGroup section */

/* Begin PBXNativeTarget section */
		D25FA3672C2621D100ED0F2F /* connect-ios-swiftui */ = {
			isa = PBXNativeTarget;
			buildConfigurationList = D25FA3772C2621D200ED0F2F /* Build configuration list for PBXNativeTarget "connect-ios-swiftui" */;
			buildPhases = (
				D25FA3642C2621D100ED0F2F /* Sources */,
				D25FA3652C2621D100ED0F2F /* Frameworks */,
				D25FA3662C2621D100ED0F2F /* Resources */,
				512F3B462C3EBFE4005C33F7 /* Embed Frameworks */,
			);
			buildRules = (
			);
			dependencies = (
				51EC0A912C39480300A7E1B5 /* PBXTargetDependency */,
			);
			name = "connect-ios-swiftui";
			packageProductDependencies = (
			);
			productName = "connect-ios-swiftui";
			productReference = D25FA3682C2621D100ED0F2F /* connect-ios-swiftui.app */;
			productType = "com.apple.product-type.application";
		};
/* End PBXNativeTarget section */

/* Begin PBXProject section */
		D25FA3602C2621D100ED0F2F /* Project object */ = {
			isa = PBXProject;
			attributes = {
				BuildIndependentTargetsInParallel = 1;
				LastSwiftUpdateCheck = 1540;
				LastUpgradeCheck = 1540;
				TargetAttributes = {
					D25FA3672C2621D100ED0F2F = {
						CreatedOnToolsVersion = 15.4;
					};
				};
			};
			buildConfigurationList = D25FA3632C2621D100ED0F2F /* Build configuration list for PBXProject "connect-ios-swiftui" */;
			compatibilityVersion = "Xcode 14.0";
			developmentRegion = en;
			hasScannedForEncodings = 0;
			knownRegions = (
				en,
				Base,
			);
			mainGroup = D25FA35F2C2621D100ED0F2F;
			packageReferences = (
			);
			productRefGroup = D25FA3692C2621D100ED0F2F /* Products */;
			projectDirPath = "";
			projectReferences = (
				{
					ProductGroup = 51EC0A862C3947F200A7E1B5 /* Products */;
					ProjectRef = 51EC0A852C3947F200A7E1B5 /* AnonKit.xcodeproj */;
				},
			);
			projectRoot = "";
			targets = (
				D25FA3672C2621D100ED0F2F /* connect-ios-swiftui */,
			);
		};
/* End PBXProject section */

/* Begin PBXReferenceProxy section */
		51EC0A8B2C3947F200A7E1B5 /* AnonKit.framework */ = {
			isa = PBXReferenceProxy;
			fileType = wrapper.framework;
			path = AnonKit.framework;
			remoteRef = 51EC0A8A2C3947F200A7E1B5 /* PBXContainerItemProxy */;
			sourceTree = BUILT_PRODUCTS_DIR;
		};
		51EC0A8D2C3947F200A7E1B5 /* AnonKitTests.xctest */ = {
			isa = PBXReferenceProxy;
			fileType = wrapper.cfbundle;
			path = AnonKitTests.xctest;
			remoteRef = 51EC0A8C2C3947F200A7E1B5 /* PBXContainerItemProxy */;
			sourceTree = BUILT_PRODUCTS_DIR;
		};
/* End PBXReferenceProxy section */

/* Begin PBXResourcesBuildPhase section */
		D25FA3662C2621D100ED0F2F /* Resources */ = {
			isa = PBXResourcesBuildPhase;
			buildActionMask = 2147483647;
			files = (
				D25FA3742C2621D200ED0F2F /* Preview Assets.xcassets in Resources */,
				D25FA3702C2621D200ED0F2F /* Assets.xcassets in Resources */,
			);
			runOnlyForDeploymentPostprocessing = 0;
		};
/* End PBXResourcesBuildPhase section */

/* Begin PBXSourcesBuildPhase section */
		D25FA3642C2621D100ED0F2F /* Sources */ = {
			isa = PBXSourcesBuildPhase;
			buildActionMask = 2147483647;
			files = (
				D25FA36E2C2621D100ED0F2F /* ContentView.swift in Sources */,
				D25FA36C2C2621D100ED0F2F /* connect_ios_swiftuiApp.swift in Sources */,
			);
			runOnlyForDeploymentPostprocessing = 0;
		};
/* End PBXSourcesBuildPhase section */

/* Begin PBXTargetDependency section */
		51EC0A912C39480300A7E1B5 /* PBXTargetDependency */ = {
			isa = PBXTargetDependency;
			name = AnonKit;
			targetProxy = 51EC0A902C39480300A7E1B5 /* PBXContainerItemProxy */;
		};
/* End PBXTargetDependency section */

/* Begin XCBuildConfiguration section */
		D25FA3752C2621D200ED0F2F /* Debug */ = {
			isa = XCBuildConfiguration;
			buildSettings = {
				ALWAYS_SEARCH_USER_PATHS = NO;
				ASSETCATALOG_COMPILER_GENERATE_SWIFT_ASSET_SYMBOL_EXTENSIONS = YES;
				CLANG_ANALYZER_NONNULL = YES;
				CLANG_ANALYZER_NUMBER_OBJECT_CONVERSION = YES_AGGRESSIVE;
				CLANG_CXX_LANGUAGE_STANDARD = "gnu++20";
				CLANG_ENABLE_MODULES = YES;
				CLANG_ENABLE_OBJC_ARC = YES;
				CLANG_ENABLE_OBJC_WEAK = YES;
				CLANG_WARN_BLOCK_CAPTURE_AUTORELEASING = YES;
				CLANG_WARN_BOOL_CONVERSION = YES;
				CLANG_WARN_COMMA = YES;
				CLANG_WARN_CONSTANT_CONVERSION = YES;
				CLANG_WARN_DEPRECATED_OBJC_IMPLEMENTATIONS = YES;
				CLANG_WARN_DIRECT_OBJC_ISA_USAGE = YES_ERROR;
				CLANG_WARN_DOCUMENTATION_COMMENTS = YES;
				CLANG_WARN_EMPTY_BODY = YES;
				CLANG_WARN_ENUM_CONVERSION = YES;
				CLANG_WARN_INFINITE_RECURSION = YES;
				CLANG_WARN_INT_CONVERSION = YES;
				CLANG_WARN_NON_LITERAL_NULL_CONVERSION = YES;
				CLANG_WARN_OBJC_IMPLICIT_RETAIN_SELF = YES;
				CLANG_WARN_OBJC_LITERAL_CONVERSION = YES;
				CLANG_WARN_OBJC_ROOT_CLASS = YES_ERROR;
				CLANG_WARN_QUOTED_INCLUDE_IN_FRAMEWORK_HEADER = YES;
				CLANG_WARN_RANGE_LOOP_ANALYSIS = YES;
				CLANG_WARN_STRICT_PROTOTYPES = YES;
				CLANG_WARN_SUSPICIOUS_MOVE = YES;
				CLANG_WARN_UNGUARDED_AVAILABILITY = YES_AGGRESSIVE;
				CLANG_WARN_UNREACHABLE_CODE = YES;
				CLANG_WARN__DUPLICATE_METHOD_MATCH = YES;
				COPY_PHASE_STRIP = NO;
				DEBUG_INFORMATION_FORMAT = dwarf;
				ENABLE_STRICT_OBJC_MSGSEND = YES;
				ENABLE_TESTABILITY = YES;
				ENABLE_USER_SCRIPT_SANDBOXING = YES;
				GCC_C_LANGUAGE_STANDARD = gnu17;
				GCC_DYNAMIC_NO_PIC = NO;
				GCC_NO_COMMON_BLOCKS = YES;
				GCC_OPTIMIZATION_LEVEL = 0;
				GCC_PREPROCESSOR_DEFINITIONS = (
					"DEBUG=1",
					"$(inherited)",
				);
				GCC_WARN_64_TO_32_BIT_CONVERSION = YES;
				GCC_WARN_ABOUT_RETURN_TYPE = YES_ERROR;
				GCC_WARN_UNDECLARED_SELECTOR = YES;
				GCC_WARN_UNINITIALIZED_AUTOS = YES_AGGRESSIVE;
				GCC_WARN_UNUSED_FUNCTION = YES;
				GCC_WARN_UNUSED_VARIABLE = YES;
				LOCALIZATION_PREFERS_STRING_CATALOGS = YES;
				MTL_ENABLE_DEBUG_INFO = INCLUDE_SOURCE;
				MTL_FAST_MATH = YES;
				ONLY_ACTIVE_ARCH = YES;
				SWIFT_ACTIVE_COMPILATION_CONDITIONS = "DEBUG $(inherited)";
				SWIFT_OPTIMIZATION_LEVEL = "-Onone";
			};
			name = Debug;
		};
		D25FA3762C2621D200ED0F2F /* Release */ = {
			isa = XCBuildConfiguration;
			buildSettings = {
				ALWAYS_SEARCH_USER_PATHS = NO;
				ASSETCATALOG_COMPILER_GENERATE_SWIFT_ASSET_SYMBOL_EXTENSIONS = YES;
				CLANG_ANALYZER_NONNULL = YES;
				CLANG_ANALYZER_NUMBER_OBJECT_CONVERSION = YES_AGGRESSIVE;
				CLANG_CXX_LANGUAGE_STANDARD = "gnu++20";
				CLANG_ENABLE_MODULES = YES;
				CLANG_ENABLE_OBJC_ARC = YES;
				CLANG_ENABLE_OBJC_WEAK = YES;
				CLANG_WARN_BLOCK_CAPTURE_AUTORELEASING = YES;
				CLANG_WARN_BOOL_CONVERSION = YES;
				CLANG_WARN_COMMA = YES;
				CLANG_WARN_CONSTANT_CONVERSION = YES;
				CLANG_WARN_DEPRECATED_OBJC_IMPLEMENTATIONS = YES;
				CLANG_WARN_DIRECT_OBJC_ISA_USAGE = YES_ERROR;
				CLANG_WARN_DOCUMENTATION_COMMENTS = YES;
				CLANG_WARN_EMPTY_BODY = YES;
				CLANG_WARN_ENUM_CONVERSION = YES;
				CLANG_WARN_INFINITE_RECURSION = YES;
				CLANG_WARN_INT_CONVERSION = YES;
				CLANG_WARN_NON_LITERAL_NULL_CONVERSION = YES;
				CLANG_WARN_OBJC_IMPLICIT_RETAIN_SELF = YES;
				CLANG_WARN_OBJC_LITERAL_CONVERSION = YES;
				CLANG_WARN_OBJC_ROOT_CLASS = YES_ERROR;
				CLANG_WARN_QUOTED_INCLUDE_IN_FRAMEWORK_HEADER = YES;
				CLANG_WARN_RANGE_LOOP_ANALYSIS = YES;
				CLANG_WARN_STRICT_PROTOTYPES = YES;
				CLANG_WARN_SUSPICIOUS_MOVE = YES;
				CLANG_WARN_UNGUARDED_AVAILABILITY = YES_AGGRESSIVE;
				CLANG_WARN_UNREACHABLE_CODE = YES;
				CLANG_WARN__DUPLICATE_METHOD_MATCH = YES;
				COPY_PHASE_STRIP = NO;
				DEBUG_INFORMATION_FORMAT = "dwarf-with-dsym";
				ENABLE_NS_ASSERTIONS = NO;
				ENABLE_STRICT_OBJC_MSGSEND = YES;
				ENABLE_USER_SCRIPT_SANDBOXING = YES;
				GCC_C_LANGUAGE_STANDARD = gnu17;
				GCC_NO_COMMON_BLOCKS = YES;
				GCC_WARN_64_TO_32_BIT_CONVERSION = YES;
				GCC_WARN_ABOUT_RETURN_TYPE = YES_ERROR;
				GCC_WARN_UNDECLARED_SELECTOR = YES;
				GCC_WARN_UNINITIALIZED_AUTOS = YES_AGGRESSIVE;
				GCC_WARN_UNUSED_FUNCTION = YES;
				GCC_WARN_UNUSED_VARIABLE = YES;
				LOCALIZATION_PREFERS_STRING_CATALOGS = YES;
				MTL_ENABLE_DEBUG_INFO = NO;
				MTL_FAST_MATH = YES;
				SWIFT_COMPILATION_MODE = wholemodule;
			};
			name = Release;
		};
		D25FA3782C2621D200ED0F2F /* Debug */ = {
			isa = XCBuildConfiguration;
			buildSettings = {
				ASSETCATALOG_COMPILER_APPICON_NAME = AppIcon;
				ASSETCATALOG_COMPILER_GLOBAL_ACCENT_COLOR_NAME = AccentColor;
				CODE_SIGN_ENTITLEMENTS = "connect-ios-swiftui/connect_ios_swiftui.entitlements";
				CODE_SIGN_STYLE = Automatic;
				CURRENT_PROJECT_VERSION = 1;
				DEVELOPMENT_ASSET_PATHS = "\"connect-ios-swiftui/Preview Content\"";
				DEVELOPMENT_TEAM = 9AEE6NMN4R;
				ENABLE_PREVIEWS = YES;
				GENERATE_INFOPLIST_FILE = YES;
				"INFOPLIST_KEY_UIApplicationSceneManifest_Generation[sdk=iphoneos*]" = YES;
				"INFOPLIST_KEY_UIApplicationSceneManifest_Generation[sdk=iphonesimulator*]" = YES;
				"INFOPLIST_KEY_UIApplicationSupportsIndirectInputEvents[sdk=iphoneos*]" = YES;
				"INFOPLIST_KEY_UIApplicationSupportsIndirectInputEvents[sdk=iphonesimulator*]" = YES;
				"INFOPLIST_KEY_UILaunchScreen_Generation[sdk=iphoneos*]" = YES;
				"INFOPLIST_KEY_UILaunchScreen_Generation[sdk=iphonesimulator*]" = YES;
				"INFOPLIST_KEY_UIStatusBarStyle[sdk=iphoneos*]" = UIStatusBarStyleDefault;
				"INFOPLIST_KEY_UIStatusBarStyle[sdk=iphonesimulator*]" = UIStatusBarStyleDefault;
				INFOPLIST_KEY_UISupportedInterfaceOrientations_iPad = "UIInterfaceOrientationPortrait UIInterfaceOrientationPortraitUpsideDown UIInterfaceOrientationLandscapeLeft UIInterfaceOrientationLandscapeRight";
				INFOPLIST_KEY_UISupportedInterfaceOrientations_iPhone = "UIInterfaceOrientationPortrait UIInterfaceOrientationLandscapeLeft UIInterfaceOrientationLandscapeRight";
				IPHONEOS_DEPLOYMENT_TARGET = 17.5;
				LD_RUNPATH_SEARCH_PATHS = "@executable_path/Frameworks";
				"LD_RUNPATH_SEARCH_PATHS[sdk=macosx*]" = "@executable_path/../Frameworks";
				MACOSX_DEPLOYMENT_TARGET = 14.5;
				MARKETING_VERSION = 1.0;
				PRODUCT_BUNDLE_IDENTIFIER = "com.anon.connect-ios-swiftui";
				PRODUCT_NAME = "$(TARGET_NAME)";
				SDKROOT = auto;
				SUPPORTED_PLATFORMS = "iphoneos iphonesimulator macosx";
				SWIFT_EMIT_LOC_STRINGS = YES;
				SWIFT_VERSION = 5.0;
				TARGETED_DEVICE_FAMILY = "1,2";
			};
			name = Debug;
		};
		D25FA3792C2621D200ED0F2F /* Release */ = {
			isa = XCBuildConfiguration;
			buildSettings = {
				ASSETCATALOG_COMPILER_APPICON_NAME = AppIcon;
				ASSETCATALOG_COMPILER_GLOBAL_ACCENT_COLOR_NAME = AccentColor;
				CODE_SIGN_ENTITLEMENTS = "connect-ios-swiftui/connect_ios_swiftui.entitlements";
				CODE_SIGN_STYLE = Automatic;
				CURRENT_PROJECT_VERSION = 1;
				DEVELOPMENT_ASSET_PATHS = "\"connect-ios-swiftui/Preview Content\"";
				DEVELOPMENT_TEAM = 9AEE6NMN4R;
				ENABLE_PREVIEWS = YES;
				GENERATE_INFOPLIST_FILE = YES;
				"INFOPLIST_KEY_UIApplicationSceneManifest_Generation[sdk=iphoneos*]" = YES;
				"INFOPLIST_KEY_UIApplicationSceneManifest_Generation[sdk=iphonesimulator*]" = YES;
				"INFOPLIST_KEY_UIApplicationSupportsIndirectInputEvents[sdk=iphoneos*]" = YES;
				"INFOPLIST_KEY_UIApplicationSupportsIndirectInputEvents[sdk=iphonesimulator*]" = YES;
				"INFOPLIST_KEY_UILaunchScreen_Generation[sdk=iphoneos*]" = YES;
				"INFOPLIST_KEY_UILaunchScreen_Generation[sdk=iphonesimulator*]" = YES;
				"INFOPLIST_KEY_UIStatusBarStyle[sdk=iphoneos*]" = UIStatusBarStyleDefault;
				"INFOPLIST_KEY_UIStatusBarStyle[sdk=iphonesimulator*]" = UIStatusBarStyleDefault;
				INFOPLIST_KEY_UISupportedInterfaceOrientations_iPad = "UIInterfaceOrientationPortrait UIInterfaceOrientationPortraitUpsideDown UIInterfaceOrientationLandscapeLeft UIInterfaceOrientationLandscapeRight";
				INFOPLIST_KEY_UISupportedInterfaceOrientations_iPhone = "UIInterfaceOrientationPortrait UIInterfaceOrientationLandscapeLeft UIInterfaceOrientationLandscapeRight";
				IPHONEOS_DEPLOYMENT_TARGET = 17.5;
				LD_RUNPATH_SEARCH_PATHS = "@executable_path/Frameworks";
				"LD_RUNPATH_SEARCH_PATHS[sdk=macosx*]" = "@executable_path/../Frameworks";
				MACOSX_DEPLOYMENT_TARGET = 14.5;
				MARKETING_VERSION = 1.0;
				PRODUCT_BUNDLE_IDENTIFIER = "com.anon.connect-ios-swiftui";
				PRODUCT_NAME = "$(TARGET_NAME)";
				SDKROOT = auto;
				SUPPORTED_PLATFORMS = "iphoneos iphonesimulator macosx";
				SWIFT_EMIT_LOC_STRINGS = YES;
				SWIFT_VERSION = 5.0;
				TARGETED_DEVICE_FAMILY = "1,2";
			};
			name = Release;
		};
/* End XCBuildConfiguration section */

/* Begin XCConfigurationList section */
		D25FA3632C2621D100ED0F2F /* Build configuration list for PBXProject "connect-ios-swiftui" */ = {
			isa = XCConfigurationList;
			buildConfigurations = (
				D25FA3752C2621D200ED0F2F /* Debug */,
				D25FA3762C2621D200ED0F2F /* Release */,
			);
			defaultConfigurationIsVisible = 0;
			defaultConfigurationName = Release;
		};
		D25FA3772C2621D200ED0F2F /* Build configuration list for PBXNativeTarget "connect-ios-swiftui" */ = {
			isa = XCConfigurationList;
			buildConfigurations = (
				D25FA3782C2621D200ED0F2F /* Debug */,
				D25FA3792C2621D200ED0F2F /* Release */,
			);
			defaultConfigurationIsVisible = 0;
			defaultConfigurationName = Release;
		};
/* End XCConfigurationList section */
	};
	rootObject = D25FA3602C2621D100ED0F2F /* Project object */;
}
