// !$*UTF8*$!
{
	archiveVersion = 1;
	classes = {
	};
	objectVersion = 56;
	objects = {

/* Begin PBXBuildFile section */
		512F3B492C3ED597005C33F7 /* AnonKit in Frameworks */ = {isa = PBXBuildFile; productRef = 512F3B482C3ED597005C33F7 /* AnonKit */; };
		512F3B4E2C3ED739005C33F7 /* JWTDecode in Frameworks */ = {isa = PBXBuildFile; productRef = 512F3B4D2C3ED739005C33F7 /* JWTDecode */; };
		512F3B512C3ED770005C33F7 /* AnonKit in Frameworks */ = {isa = PBXBuildFile; productRef = 512F3B502C3ED770005C33F7 /* AnonKit */; };
		D25FA36C2C2621D100ED0F2F /* connect_ios_swiftuiApp.swift in Sources */ = {isa = PBXBuildFile; fileRef = D25FA36B2C2621D100ED0F2F /* connect_ios_swiftuiApp.swift */; };
		D25FA36E2C2621D100ED0F2F /* ContentView.swift in Sources */ = {isa = PBXBuildFile; fileRef = D25FA36D2C2621D100ED0F2F /* ContentView.swift */; };
		D25FA3702C2621D200ED0F2F /* Assets.xcassets in Resources */ = {isa = PBXBuildFile; fileRef = D25FA36F2C2621D200ED0F2F /* Assets.xcassets */; };
		D25FA3742C2621D200ED0F2F /* Preview Assets.xcassets in Resources */ = {isa = PBXBuildFile; fileRef = D25FA3732C2621D200ED0F2F /* Preview Assets.xcassets */; };
/* End PBXBuildFile section */

/* Begin PBXCopyFilesBuildPhase section */
		512F3B462C3EBFE4005C33F7 /* Embed Frameworks */ = {
			isa = PBXCopyFilesBuildPhase;
			buildActionMask = 2147483647;
			dstPath = "";
			dstSubfolderSpec = 10;
			files = (
			);
			name = "Embed Frameworks";
			runOnlyForDeploymentPostprocessing = 0;
		};
/* End PBXCopyFilesBuildPhase section */

/* Begin PBXFileReference section */
		D25FA3682C2621D100ED0F2F /* connect-ios-swiftui.app */ = {isa = PBXFileReference; explicitFileType = wrapper.application; includeInIndex = 0; path = "connect-ios-swiftui.app"; sourceTree = BUILT_PRODUCTS_DIR; };
		D25FA36B2C2621D100ED0F2F /* connect_ios_swiftuiApp.swift */ = {isa = PBXFileReference; lastKnownFileType = sourcecode.swift; path = connect_ios_swiftuiApp.swift; sourceTree = "<group>"; };
		D25FA36D2C2621D100ED0F2F /* ContentView.swift */ = {isa = PBXFileReference; lastKnownFileType = sourcecode.swift; path = ContentView.swift; sourceTree = "<group>"; };
		D25FA36F2C2621D200ED0F2F /* Assets.xcassets */ = {isa = PBXFileReference; lastKnownFileType = folder.assetcatalog; path = Assets.xcassets; sourceTree = "<group>"; };
		D25FA3712C2621D200ED0F2F /* connect_ios_swiftui.entitlements */ = {isa = PBXFileReference; lastKnownFileType = text.plist.entitlements; path = connect_ios_swiftui.entitlements; sourceTree = "<group>"; };
		D25FA3732C2621D200ED0F2F /* Preview Assets.xcassets */ = {isa = PBXFileReference; lastKnownFileType = folder.assetcatalog; path = "Preview Assets.xcassets"; sourceTree = "<group>"; };
/* End PBXFileReference section */

/* Begin PBXFrameworksBuildPhase section */
		D25FA3652C2621D100ED0F2F /* Frameworks */ = {
			isa = PBXFrameworksBuildPhase;
			buildActionMask = 2147483647;
			files = (
				512F3B512C3ED770005C33F7 /* AnonKit in Frameworks */,
				512F3B4E2C3ED739005C33F7 /* JWTDecode in Frameworks */,
				512F3B492C3ED597005C33F7 /* AnonKit in Frameworks */,
			);
			runOnlyForDeploymentPostprocessing = 0;
		};
/* End PBXFrameworksBuildPhase section */

/* Begin PBXGroup section */
		51EC0A8E2C3947FE00A7E1B5 /* Frameworks */ = {
			isa = PBXGroup;
			children = (
			);
			name = Frameworks;
			sourceTree = "<group>";
		};
		D25FA35F2C2621D100ED0F2F = {
			isa = PBXGroup;
			children = (
				D25FA36A2C2621D100ED0F2F /* connect-ios-swiftui */,
				D25FA3692C2621D100ED0F2F /* Products */,
				51EC0A8E2C3947FE00A7E1B5 /* Frameworks */,
			);
			sourceTree = "<group>";
		};
		D25FA3692C2621D100ED0F2F /* Products */ = {
			isa = PBXGroup;
			children = (
				D25FA3682C2621D100ED0F2F /* connect-ios-swiftui.app */,
			);
			name = Products;
			sourceTree = "<group>";
		};
		D25FA36A2C2621D100ED0F2F /* connect-ios-swiftui */ = {
			isa = PBXGroup;
			children = (
				D25FA36B2C2621D100ED0F2F /* connect_ios_swiftuiApp.swift */,
				D25FA36D2C2621D100ED0F2F /* ContentView.swift */,
				D25FA36F2C2621D200ED0F2F /* Assets.xcassets */,
				D25FA3712C2621D200ED0F2F /* connect_ios_swiftui.entitlements */,
				D25FA3722C2621D200ED0F2F /* Preview Content */,
			);
			path = "connect-ios-swiftui";
			sourceTree = "<group>";
		};
		D25FA3722C2621D200ED0F2F /* Preview Content */ = {
			isa = PBXGroup;
			children = (
				D25FA3732C2621D200ED0F2F /* Preview Assets.xcassets */,
			);
			path = "Preview Content";
			sourceTree = "<group>";
		};
/* End PBXGroup section */

/* Begin PBXNativeTarget section */
		D25FA3672C2621D100ED0F2F /* connect-ios-swiftui */ = {
			isa = PBXNativeTarget;
			buildConfigurationList = D25FA3772C2621D200ED0F2F /* Build configuration list for PBXNativeTarget "connect-ios-swiftui" */;
			buildPhases = (
				D25FA3642C2621D100ED0F2F /* Sources */,
				D25FA3652C2621D100ED0F2F /* Frameworks */,
				D25FA3662C2621D100ED0F2F /* Resources */,
				512F3B462C3EBFE4005C33F7 /* Embed Frameworks */,
			);
			buildRules = (
			);
			dependencies = (
				512F3B4B2C3ED61A005C33F7 /* PBXTargetDependency */,
			);
			name = "connect-ios-swiftui";
			packageProductDependencies = (
				512F3B482C3ED597005C33F7 /* AnonKit */,
				512F3B4D2C3ED739005C33F7 /* JWTDecode */,
				512F3B502C3ED770005C33F7 /* AnonKit */,
			);
			productName = "connect-ios-swiftui";
			productReference = D25FA3682C2621D100ED0F2F /* connect-ios-swiftui.app */;
			productType = "com.apple.product-type.application";
		};
/* End PBXNativeTarget section */

/* Begin PBXProject section */
		D25FA3602C2621D100ED0F2F /* Project object */ = {
			isa = PBXProject;
			attributes = {
				BuildIndependentTargetsInParallel = 1;
				LastSwiftUpdateCheck = 1540;
				LastUpgradeCheck = 1540;
				TargetAttributes = {
					D25FA3672C2621D100ED0F2F = {
						CreatedOnToolsVersion = 15.4;
					};
				};
			};
			buildConfigurationList = D25FA3632C2621D100ED0F2F /* Build configuration list for PBXProject "connect-ios-swiftui" */;
			compatibilityVersion = "Xcode 14.0";
			developmentRegion = en;
			hasScannedForEncodings = 0;
			knownRegions = (
				en,
				Base,
			);
			mainGroup = D25FA35F2C2621D100ED0F2F;
			packageReferences = (
				512F3B4C2C3ED739005C33F7 /* XCRemoteSwiftPackageReference "JWTDecode.swift" */,
				512F3B4F2C3ED770005C33F7 /* XCRemoteSwiftPackageReference "sdk-ios-pkg" */,
			);
			productRefGroup = D25FA3692C2621D100ED0F2F /* Products */;
			projectDirPath = "";
			projectRoot = "";
			targets = (
				D25FA3672C2621D100ED0F2F /* connect-ios-swiftui */,
			);
		};
/* End PBXProject section */

/* Begin PBXResourcesBuildPhase section */
		D25FA3662C2621D100ED0F2F /* Resources */ = {
			isa = PBXResourcesBuildPhase;
			buildActionMask = 2147483647;
			files = (
				D25FA3742C2621D200ED0F2F /* Preview Assets.xcassets in Resources */,
				D25FA3702C2621D200ED0F2F /* Assets.xcassets in Resources */,
			);
			runOnlyForDeploymentPostprocessing = 0;
		};
/* End PBXResourcesBuildPhase section */

/* Begin PBXSourcesBuildPhase section */
		D25FA3642C2621D100ED0F2F /* Sources */ = {
			isa = PBXSourcesBuildPhase;
			buildActionMask = 2147483647;
			files = (
				D25FA36E2C2621D100ED0F2F /* ContentView.swift in Sources */,
				D25FA36C2C2621D100ED0F2F /* connect_ios_swiftuiApp.swift in Sources */,
			);
			runOnlyForDeploymentPostprocessing = 0;
		};
/* End PBXSourcesBuildPhase section */

/* Begin PBXTargetDependency section */
		512F3B4B2C3ED61A005C33F7 /* PBXTargetDependency */ = {
			isa = PBXTargetDependency;
			productRef = 512F3B4A2C3ED61A005C33F7 /* AnonKit */;
		};
/* End PBXTargetDependency section */

/* Begin XCBuildConfiguration section */
		D25FA3752C2621D200ED0F2F /* Debug */ = {
			isa = XCBuildConfiguration;
			buildSettings = {
				ALWAYS_SEARCH_USER_PATHS = NO;
				ASSETCATALOG_COMPILER_GENERATE_SWIFT_ASSET_SYMBOL_EXTENSIONS = YES;
				CLANG_ANALYZER_NONNULL = YES;
				CLANG_ANALYZER_NUMBER_OBJECT_CONVERSION = YES_AGGRESSIVE;
				CLANG_CXX_LANGUAGE_STANDARD = "gnu++20";
				CLANG_ENABLE_MODULES = YES;
				CLANG_ENABLE_OBJC_ARC = YES;
				CLANG_ENABLE_OBJC_WEAK = YES;
				CLANG_WARN_BLOCK_CAPTURE_AUTORELEASING = YES;
				CLANG_WARN_BOOL_CONVERSION = YES;
				CLANG_WARN_COMMA = YES;
				CLANG_WARN_CONSTANT_CONVERSION = YES;
				CLANG_WARN_DEPRECATED_OBJC_IMPLEMENTATIONS = YES;
				CLANG_WARN_DIRECT_OBJC_ISA_USAGE = YES_ERROR;
				CLANG_WARN_DOCUMENTATION_COMMENTS = YES;
				CLANG_WARN_EMPTY_BODY = YES;
				CLANG_WARN_ENUM_CONVERSION = YES;
				CLANG_WARN_INFINITE_RECURSION = YES;
				CLANG_WARN_INT_CONVERSION = YES;
				CLANG_WARN_NON_LITERAL_NULL_CONVERSION = YES;
				CLANG_WARN_OBJC_IMPLICIT_RETAIN_SELF = YES;
				CLANG_WARN_OBJC_LITERAL_CONVERSION = YES;
				CLANG_WARN_OBJC_ROOT_CLASS = YES_ERROR;
				CLANG_WARN_QUOTED_INCLUDE_IN_FRAMEWORK_HEADER = YES;
				CLANG_WARN_RANGE_LOOP_ANALYSIS = YES;
				CLANG_WARN_STRICT_PROTOTYPES = YES;
				CLANG_WARN_SUSPICIOUS_MOVE = YES;
				CLANG_WARN_UNGUARDED_AVAILABILITY = YES_AGGRESSIVE;
				CLANG_WARN_UNREACHABLE_CODE = YES;
				CLANG_WARN__DUPLICATE_METHOD_MATCH = YES;
				COPY_PHASE_STRIP = NO;
				DEBUG_INFORMATION_FORMAT = dwarf;
				ENABLE_STRICT_OBJC_MSGSEND = YES;
				ENABLE_TESTABILITY = YES;
				ENABLE_USER_SCRIPT_SANDBOXING = YES;
				GCC_C_LANGUAGE_STANDARD = gnu17;
				GCC_DYNAMIC_NO_PIC = NO;
				GCC_NO_COMMON_BLOCKS = YES;
				GCC_OPTIMIZATION_LEVEL = 0;
				GCC_PREPROCESSOR_DEFINITIONS = (
					"DEBUG=1",
					"$(inherited)",
				);
				GCC_WARN_64_TO_32_BIT_CONVERSION = YES;
				GCC_WARN_ABOUT_RETURN_TYPE = YES_ERROR;
				GCC_WARN_UNDECLARED_SELECTOR = YES;
				GCC_WARN_UNINITIALIZED_AUTOS = YES_AGGRESSIVE;
				GCC_WARN_UNUSED_FUNCTION = YES;
				GCC_WARN_UNUSED_VARIABLE = YES;
				LOCALIZATION_PREFERS_STRING_CATALOGS = YES;
				MTL_ENABLE_DEBUG_INFO = INCLUDE_SOURCE;
				MTL_FAST_MATH = YES;
				ONLY_ACTIVE_ARCH = YES;
				SWIFT_ACTIVE_COMPILATION_CONDITIONS = "DEBUG $(inherited)";
				SWIFT_OPTIMIZATION_LEVEL = "-Onone";
			};
			name = Debug;
		};
		D25FA3762C2621D200ED0F2F /* Release */ = {
			isa = XCBuildConfiguration;
			buildSettings = {
				ALWAYS_SEARCH_USER_PATHS = NO;
				ASSETCATALOG_COMPILER_GENERATE_SWIFT_ASSET_SYMBOL_EXTENSIONS = YES;
				CLANG_ANALYZER_NONNULL = YES;
				CLANG_ANALYZER_NUMBER_OBJECT_CONVERSION = YES_AGGRESSIVE;
				CLANG_CXX_LANGUAGE_STANDARD = "gnu++20";
				CLANG_ENABLE_MODULES = YES;
				CLANG_ENABLE_OBJC_ARC = YES;
				CLANG_ENABLE_OBJC_WEAK = YES;
				CLANG_WARN_BLOCK_CAPTURE_AUTORELEASING = YES;
				CLANG_WARN_BOOL_CONVERSION = YES;
				CLANG_WARN_COMMA = YES;
				CLANG_WARN_CONSTANT_CONVERSION = YES;
				CLANG_WARN_DEPRECATED_OBJC_IMPLEMENTATIONS = YES;
				CLANG_WARN_DIRECT_OBJC_ISA_USAGE = YES_ERROR;
				CLANG_WARN_DOCUMENTATION_COMMENTS = YES;
				CLANG_WARN_EMPTY_BODY = YES;
				CLANG_WARN_ENUM_CONVERSION = YES;
				CLANG_WARN_INFINITE_RECURSION = YES;
				CLANG_WARN_INT_CONVERSION = YES;
				CLANG_WARN_NON_LITERAL_NULL_CONVERSION = YES;
				CLANG_WARN_OBJC_IMPLICIT_RETAIN_SELF = YES;
				CLANG_WARN_OBJC_LITERAL_CONVERSION = YES;
				CLANG_WARN_OBJC_ROOT_CLASS = YES_ERROR;
				CLANG_WARN_QUOTED_INCLUDE_IN_FRAMEWORK_HEADER = YES;
				CLANG_WARN_RANGE_LOOP_ANALYSIS = YES;
				CLANG_WARN_STRICT_PROTOTYPES = YES;
				CLANG_WARN_SUSPICIOUS_MOVE = YES;
				CLANG_WARN_UNGUARDED_AVAILABILITY = YES_AGGRESSIVE;
				CLANG_WARN_UNREACHABLE_CODE = YES;
				CLANG_WARN__DUPLICATE_METHOD_MATCH = YES;
				COPY_PHASE_STRIP = NO;
				DEBUG_INFORMATION_FORMAT = "dwarf-with-dsym";
				ENABLE_NS_ASSERTIONS = NO;
				ENABLE_STRICT_OBJC_MSGSEND = YES;
				ENABLE_USER_SCRIPT_SANDBOXING = YES;
				GCC_C_LANGUAGE_STANDARD = gnu17;
				GCC_NO_COMMON_BLOCKS = YES;
				GCC_WARN_64_TO_32_BIT_CONVERSION = YES;
				GCC_WARN_ABOUT_RETURN_TYPE = YES_ERROR;
				GCC_WARN_UNDECLARED_SELECTOR = YES;
				GCC_WARN_UNINITIALIZED_AUTOS = YES_AGGRESSIVE;
				GCC_WARN_UNUSED_FUNCTION = YES;
				GCC_WARN_UNUSED_VARIABLE = YES;
				LOCALIZATION_PREFERS_STRING_CATALOGS = YES;
				MTL_ENABLE_DEBUG_INFO = NO;
				MTL_FAST_MATH = YES;
				SWIFT_COMPILATION_MODE = wholemodule;
			};
			name = Release;
		};
		D25FA3782C2621D200ED0F2F /* Debug */ = {
			isa = XCBuildConfiguration;
			buildSettings = {
				ASSETCATALOG_COMPILER_APPICON_NAME = AppIcon;
				ASSETCATALOG_COMPILER_GLOBAL_ACCENT_COLOR_NAME = AccentColor;
				CODE_SIGN_ENTITLEMENTS = "connect-ios-swiftui/connect_ios_swiftui.entitlements";
				CODE_SIGN_STYLE = Automatic;
				CURRENT_PROJECT_VERSION = 1;
				DEVELOPMENT_ASSET_PATHS = "\"connect-ios-swiftui/Preview Content\"";
				DEVELOPMENT_TEAM = 9AEE6NMN4R;
				ENABLE_PREVIEWS = YES;
				GENERATE_INFOPLIST_FILE = YES;
				"INFOPLIST_KEY_UIApplicationSceneManifest_Generation[sdk=iphoneos*]" = YES;
				"INFOPLIST_KEY_UIApplicationSceneManifest_Generation[sdk=iphonesimulator*]" = YES;
				"INFOPLIST_KEY_UIApplicationSupportsIndirectInputEvents[sdk=iphoneos*]" = YES;
				"INFOPLIST_KEY_UIApplicationSupportsIndirectInputEvents[sdk=iphonesimulator*]" = YES;
				"INFOPLIST_KEY_UILaunchScreen_Generation[sdk=iphoneos*]" = YES;
				"INFOPLIST_KEY_UILaunchScreen_Generation[sdk=iphonesimulator*]" = YES;
				"INFOPLIST_KEY_UIStatusBarStyle[sdk=iphoneos*]" = UIStatusBarStyleDefault;
				"INFOPLIST_KEY_UIStatusBarStyle[sdk=iphonesimulator*]" = UIStatusBarStyleDefault;
				INFOPLIST_KEY_UISupportedInterfaceOrientations_iPad = "UIInterfaceOrientationPortrait UIInterfaceOrientationPortraitUpsideDown UIInterfaceOrientationLandscapeLeft UIInterfaceOrientationLandscapeRight";
				INFOPLIST_KEY_UISupportedInterfaceOrientations_iPhone = "UIInterfaceOrientationPortrait UIInterfaceOrientationLandscapeLeft UIInterfaceOrientationLandscapeRight";
				IPHONEOS_DEPLOYMENT_TARGET = 17.5;
				LD_RUNPATH_SEARCH_PATHS = "@executable_path/Frameworks";
				"LD_RUNPATH_SEARCH_PATHS[sdk=macosx*]" = "@executable_path/../Frameworks";
				MACOSX_DEPLOYMENT_TARGET = 14.5;
				MARKETING_VERSION = 1.0;
				PRODUCT_BUNDLE_IDENTIFIER = "com.anon.connect-ios-swiftui";
				PRODUCT_NAME = "$(TARGET_NAME)";
				SDKROOT = auto;
				SUPPORTED_PLATFORMS = "iphoneos iphonesimulator macosx";
				SWIFT_EMIT_LOC_STRINGS = YES;
				SWIFT_VERSION = 5.0;
				TARGETED_DEVICE_FAMILY = "1,2";
			};
			name = Debug;
		};
		D25FA3792C2621D200ED0F2F /* Release */ = {
			isa = XCBuildConfiguration;
			buildSettings = {
				ASSETCATALOG_COMPILER_APPICON_NAME = AppIcon;
				ASSETCATALOG_COMPILER_GLOBAL_ACCENT_COLOR_NAME = AccentColor;
				CODE_SIGN_ENTITLEMENTS = "connect-ios-swiftui/connect_ios_swiftui.entitlements";
				CODE_SIGN_STYLE = Automatic;
				CURRENT_PROJECT_VERSION = 1;
				DEVELOPMENT_ASSET_PATHS = "\"connect-ios-swiftui/Preview Content\"";
				DEVELOPMENT_TEAM = 9AEE6NMN4R;
				ENABLE_PREVIEWS = YES;
				GENERATE_INFOPLIST_FILE = YES;
				"INFOPLIST_KEY_UIApplicationSceneManifest_Generation[sdk=iphoneos*]" = YES;
				"INFOPLIST_KEY_UIApplicationSceneManifest_Generation[sdk=iphonesimulator*]" = YES;
				"INFOPLIST_KEY_UIApplicationSupportsIndirectInputEvents[sdk=iphoneos*]" = YES;
				"INFOPLIST_KEY_UIApplicationSupportsIndirectInputEvents[sdk=iphonesimulator*]" = YES;
				"INFOPLIST_KEY_UILaunchScreen_Generation[sdk=iphoneos*]" = YES;
				"INFOPLIST_KEY_UILaunchScreen_Generation[sdk=iphonesimulator*]" = YES;
				"INFOPLIST_KEY_UIStatusBarStyle[sdk=iphoneos*]" = UIStatusBarStyleDefault;
				"INFOPLIST_KEY_UIStatusBarStyle[sdk=iphonesimulator*]" = UIStatusBarStyleDefault;
				INFOPLIST_KEY_UISupportedInterfaceOrientations_iPad = "UIInterfaceOrientationPortrait UIInterfaceOrientationPortraitUpsideDown UIInterfaceOrientationLandscapeLeft UIInterfaceOrientationLandscapeRight";
				INFOPLIST_KEY_UISupportedInterfaceOrientations_iPhone = "UIInterfaceOrientationPortrait UIInterfaceOrientationLandscapeLeft UIInterfaceOrientationLandscapeRight";
				IPHONEOS_DEPLOYMENT_TARGET = 17.5;
				LD_RUNPATH_SEARCH_PATHS = "@executable_path/Frameworks";
				"LD_RUNPATH_SEARCH_PATHS[sdk=macosx*]" = "@executable_path/../Frameworks";
				MACOSX_DEPLOYMENT_TARGET = 14.5;
				MARKETING_VERSION = 1.0;
				PRODUCT_BUNDLE_IDENTIFIER = "com.anon.connect-ios-swiftui";
				PRODUCT_NAME = "$(TARGET_NAME)";
				SDKROOT = auto;
				SUPPORTED_PLATFORMS = "iphoneos iphonesimulator macosx";
				SWIFT_EMIT_LOC_STRINGS = YES;
				SWIFT_VERSION = 5.0;
				TARGETED_DEVICE_FAMILY = "1,2";
			};
			name = Release;
		};
/* End XCBuildConfiguration section */

/* Begin XCConfigurationList section */
		D25FA3632C2621D100ED0F2F /* Build configuration list for PBXProject "connect-ios-swiftui" */ = {
			isa = XCConfigurationList;
			buildConfigurations = (
				D25FA3752C2621D200ED0F2F /* Debug */,
				D25FA3762C2621D200ED0F2F /* Release */,
			);
			defaultConfigurationIsVisible = 0;
			defaultConfigurationName = Release;
		};
		D25FA3772C2621D200ED0F2F /* Build configuration list for PBXNativeTarget "connect-ios-swiftui" */ = {
			isa = XCConfigurationList;
			buildConfigurations = (
				D25FA3782C2621D200ED0F2F /* Debug */,
				D25FA3792C2621D200ED0F2F /* Release */,
			);
			defaultConfigurationIsVisible = 0;
			defaultConfigurationName = Release;
		};
/* End XCConfigurationList section */

/* Begin XCLocalSwiftPackageReference section */
		512F3B472C3ED597005C33F7 /* XCLocalSwiftPackageReference "../../das/lib/sdk-ios/AnonKitPkg" */ = {
			isa = XCLocalSwiftPackageReference;
			relativePath = "../../das/lib/sdk-ios/AnonKitPkg";
		};
/* End XCLocalSwiftPackageReference section */

/* Begin XCRemoteSwiftPackageReference section */
		512F3B4C2C3ED739005C33F7 /* XCRemoteSwiftPackageReference "JWTDecode.swift" */ = {
			isa = XCRemoteSwiftPackageReference;
			repositoryURL = "https://github.com/auth0/JWTDecode.swift.git";
			requirement = {
				kind = upToNextMajorVersion;
				minimumVersion = 3.1.0;
			};
		};
		512F3B4F2C3ED770005C33F7 /* XCRemoteSwiftPackageReference "sdk-ios-pkg" */ = {
			isa = XCRemoteSwiftPackageReference;
			repositoryURL = "https://github.com/anon-dot-com/sdk-ios-pkg";
			requirement = {
				branch = main;
				kind = branch;
			};
		};
/* End XCRemoteSwiftPackageReference section */

/* Begin XCSwiftPackageProductDependency section */
		512F3B482C3ED597005C33F7 /* AnonKit */ = {
			isa = XCSwiftPackageProductDependency;
			productName = AnonKit;
		};
		512F3B4A2C3ED61A005C33F7 /* AnonKit */ = {
			isa = XCSwiftPackageProductDependency;
			package = 512F3B472C3ED597005C33F7 /* XCLocalSwiftPackageReference "../../das/lib/sdk-ios/AnonKitPkg" */;
			productName = AnonKit;
		};
		512F3B4D2C3ED739005C33F7 /* JWTDecode */ = {
			isa = XCSwiftPackageProductDependency;
			package = 512F3B4C2C3ED739005C33F7 /* XCRemoteSwiftPackageReference "JWTDecode.swift" */;
			productName = JWTDecode;
		};
		512F3B502C3ED770005C33F7 /* AnonKit */ = {
			isa = XCSwiftPackageProductDependency;
			package = 512F3B4F2C3ED770005C33F7 /* XCRemoteSwiftPackageReference "sdk-ios-pkg" */;
			productName = AnonKit;
		};
/* End XCSwiftPackageProductDependency section */
	};
	rootObject = D25FA3602C2621D100ED0F2F /* Project object */;
}
