{
  "originHash" : "682c8a9982029ee23a89a17885d3aea81e1538ff0aef6d29128f4d2a5f09cfd4",
  "pins" : [
    {
      "identity" : "sdk-ios-pkg",
      "kind" : "remoteSourceControl",
      "location" : "https://github.com/anon-dot-com/sdk-ios-pkg",
      "state" : {
        "branch" : "main",
        "revision" : "ff43f5d5a6178e5656323d96c32b737d09bf40f2"
      }
    }
  ],
  "version" : 3
}
